// !$*UTF8*$!
{
	archiveVersion = 1;
	classes = {
	};
	objectVersion = 46;
	objects = {

/* Begin PBXBuildFile section */
		9831DC9916B80BDA005CF59D /* UIKit.framework in Frameworks */ = {isa = PBXBuildFile; fileRef = 9831DC9816B80BDA005CF59D /* UIKit.framework */; };
		9831DC9B16B80BDA005CF59D /* Foundation.framework in Frameworks */ = {isa = PBXBuildFile; fileRef = 9831DC9A16B80BDA005CF59D /* Foundation.framework */; };
		9831DC9D16B80BDA005CF59D /* CoreGraphics.framework in Frameworks */ = {isa = PBXBuildFile; fileRef = 9831DC9C16B80BDA005CF59D /* CoreGraphics.framework */; };
		9831DCA316B80BDA005CF59D /* InfoPlist.strings in Resources */ = {isa = PBXBuildFile; fileRef = 9831DCA116B80BDA005CF59D /* InfoPlist.strings */; };
		9831DCA516B80BDA005CF59D /* main.m in Sources */ = {isa = PBXBuildFile; fileRef = 9831DCA416B80BDA005CF59D /* main.m */; };
		9831DCA916B80BDA005CF59D /* KKAppDelegate.m in Sources */ = {isa = PBXBuildFile; fileRef = 9831DCA816B80BDA005CF59D /* KKAppDelegate.m */; };
		9831DCAB16B80BDA005CF59D /* Default.png in Resources */ = {isa = PBXBuildFile; fileRef = 9831DCAA16B80BDA005CF59D /* Default.png */; };
		9831DCAD16B80BDA005CF59D /* Default@2x.png in Resources */ = {isa = PBXBuildFile; fileRef = 9831DCAC16B80BDA005CF59D /* Default@2x.png */; };
		9831DCAF16B80BDA005CF59D /* Default-568h@2x.png in Resources */ = {isa = PBXBuildFile; fileRef = 9831DCAE16B80BDA005CF59D /* Default-568h@2x.png */; };
		9831DCB916B80F74005CF59D /* KKHomeViewController.m in Sources */ = {isa = PBXBuildFile; fileRef = 9831DCB816B80F74005CF59D /* KKHomeViewController.m */; };
		9831DCBC16B80FD1005CF59D /* KKSceneView.m in Sources */ = {isa = PBXBuildFile; fileRef = 9831DCBB16B80FD1005CF59D /* KKSceneView.m */; };
		9831DCCE16B82B33005CF59D /* home_bj@2x.jpg in Resources */ = {isa = PBXBuildFile; fileRef = 9831DCCB16B82B32005CF59D /* home_bj@2x.jpg */; };
		9831DCCF16B82B33005CF59D /* home_bj-568h.jpg in Resources */ = {isa = PBXBuildFile; fileRef = 9831DCCC16B82B32005CF59D /* home_bj-568h.jpg */; };
		9831DCD216B82B40005CF59D /* home_bj.jpg in Resources */ = {isa = PBXBuildFile; fileRef = 9831DCD116B82B40005CF59D /* home_bj.jpg */; };
		9831DCD716B82C8D005CF59D /* kk_enter.png in Resources */ = {isa = PBXBuildFile; fileRef = 9831DCD316B82C8D005CF59D /* kk_enter.png */; };
		9831DCD816B82C8D005CF59D /* kk_enter@2x.png in Resources */ = {isa = PBXBuildFile; fileRef = 9831DCD416B82C8D005CF59D /* kk_enter@2x.png */; };
		9831DCD916B82C8D005CF59D /* kk_logo.png in Resources */ = {isa = PBXBuildFile; fileRef = 9831DCD516B82C8D005CF59D /* kk_logo.png */; };
		9831DCDA16B82C8D005CF59D /* kk_logo@2x.png in Resources */ = {isa = PBXBuildFile; fileRef = 9831DCD616B82C8D005CF59D /* kk_logo@2x.png */; };
		9831DCDD16B83D22005CF59D /* KKhomeItemView.m in Sources */ = {isa = PBXBuildFile; fileRef = 9831DCDC16B83D22005CF59D /* KKhomeItemView.m */; };
		9831DCE016B8C948005CF59D /* KKListViewController.m in Sources */ = {isa = PBXBuildFile; fileRef = 9831DCDF16B8C947005CF59D /* KKListViewController.m */; };
		9831DCE816B8FACF005CF59D /* Reachability.m in Sources */ = {isa = PBXBuildFile; fileRef = 9831DCE716B8FACF005CF59D /* Reachability.m */; };
		9831DCEC16B8FD21005CF59D /* KKFileDownloadManager.m in Sources */ = {isa = PBXBuildFile; fileRef = 9831DCEB16B8FD21005CF59D /* KKFileDownloadManager.m */; };
		9831DCF016B90294005CF59D /* SystemConfiguration.framework in Frameworks */ = {isa = PBXBuildFile; fileRef = 9831DCEF16B90294005CF59D /* SystemConfiguration.framework */; };
		985071D916B956140096CCF4 /* KKFileManager.m in Sources */ = {isa = PBXBuildFile; fileRef = 985071D816B956140096CCF4 /* KKFileManager.m */; };
		985071DD16BA21AC0096CCF4 /* itemclose.png in Resources */ = {isa = PBXBuildFile; fileRef = 985071DB16BA21AC0096CCF4 /* itemclose.png */; };
		985071DE16BA21AC0096CCF4 /* itemclose@2x.png in Resources */ = {isa = PBXBuildFile; fileRef = 985071DC16BA21AC0096CCF4 /* itemclose@2x.png */; };
		987D9B4316BC18160056AD21 /* KKConfiguration.m in Sources */ = {isa = PBXBuildFile; fileRef = 987D9B4216BC18160056AD21 /* KKConfiguration.m */; };
		987D9B4616BC30C70056AD21 /* KKXMLParser.m in Sources */ = {isa = PBXBuildFile; fileRef = 987D9B4516BC30C70056AD21 /* KKXMLParser.m */; };
		987D9B4816BC32D70056AD21 /* libxml2.dylib in Frameworks */ = {isa = PBXBuildFile; fileRef = 987D9B4716BC32D70056AD21 /* libxml2.dylib */; };
		987D9B5116BC35E60056AD21 /* DDXMLDocument.m in Sources */ = {isa = PBXBuildFile; fileRef = 987D9B4C16BC35E60056AD21 /* DDXMLDocument.m */; settings = {COMPILER_FLAGS = "-fobjc-arc"; }; };
		987D9B5216BC35E60056AD21 /* DDXMLElement.m in Sources */ = {isa = PBXBuildFile; fileRef = 987D9B4E16BC35E60056AD21 /* DDXMLElement.m */; settings = {COMPILER_FLAGS = "-fobjc-arc"; }; };
		987D9B5316BC35E60056AD21 /* DDXMLNode.m in Sources */ = {isa = PBXBuildFile; fileRef = 987D9B5016BC35E60056AD21 /* DDXMLNode.m */; settings = {COMPILER_FLAGS = "-fobjc-arc"; }; };
		987D9B5816BC363A0056AD21 /* NSString+DDXML.m in Sources */ = {isa = PBXBuildFile; fileRef = 987D9B5716BC363A0056AD21 /* NSString+DDXML.m */; settings = {COMPILER_FLAGS = "-fobjc-arc"; }; };
		987D9B5B16BCBF7C0056AD21 /* NSString+MD5.m in Sources */ = {isa = PBXBuildFile; fileRef = 987D9B5A16BCBF7B0056AD21 /* NSString+MD5.m */; };
		98AB48E216BD8DF800453B22 /* QuartzCore.framework in Frameworks */ = {isa = PBXBuildFile; fileRef = 98AB48E116BD8DF800453B22 /* QuartzCore.framework */; };
		98AB48E416BE02BE00453B22 /* bigitemimage.jpg in Resources */ = {isa = PBXBuildFile; fileRef = 98AB48E316BE02BE00453B22 /* bigitemimage.jpg */; };
		98AB48EB16BEA14300453B22 /* home_button_refresh.png in Resources */ = {isa = PBXBuildFile; fileRef = 98AB48E516BEA14300453B22 /* home_button_refresh.png */; };
		98AB48EC16BEA14300453B22 /* home_button_refresh@2x.png in Resources */ = {isa = PBXBuildFile; fileRef = 98AB48E616BEA14300453B22 /* home_button_refresh@2x.png */; };
		98AB48ED16BEA14300453B22 /* home_button_setting.png in Resources */ = {isa = PBXBuildFile; fileRef = 98AB48E716BEA14300453B22 /* home_button_setting.png */; };
		98AB48EE16BEA14300453B22 /* home_button_setting@2x.png in Resources */ = {isa = PBXBuildFile; fileRef = 98AB48E816BEA14300453B22 /* home_button_setting@2x.png */; };
		98AB48EF16BEA14300453B22 /* home_button_subscribe.png in Resources */ = {isa = PBXBuildFile; fileRef = 98AB48E916BEA14300453B22 /* home_button_subscribe.png */; };
		98AB48F016BEA14300453B22 /* home_button_subscribe@2x.png in Resources */ = {isa = PBXBuildFile; fileRef = 98AB48EA16BEA14300453B22 /* home_button_subscribe@2x.png */; };
		98AB48F416BEBF6C00453B22 /* icon.png in Resources */ = {isa = PBXBuildFile; fileRef = 98AB48F216BEBF6C00453B22 /* icon.png */; };
		98AB48F516BEBF6C00453B22 /* launch.png in Resources */ = {isa = PBXBuildFile; fileRef = 98AB48F316BEBF6C00453B22 /* launch.png */; };
/* End PBXBuildFile section */

/* Begin PBXFileReference section */
		9831DC9416B80BDA005CF59D /* kankanVideo_v2.app */ = {isa = PBXFileReference; explicitFileType = wrapper.application; includeInIndex = 0; path = kankanVideo_v2.app; sourceTree = BUILT_PRODUCTS_DIR; };
		9831DC9816B80BDA005CF59D /* UIKit.framework */ = {isa = PBXFileReference; lastKnownFileType = wrapper.framework; name = UIKit.framework; path = System/Library/Frameworks/UIKit.framework; sourceTree = SDKROOT; };
		9831DC9A16B80BDA005CF59D /* Foundation.framework */ = {isa = PBXFileReference; lastKnownFileType = wrapper.framework; name = Foundation.framework; path = System/Library/Frameworks/Foundation.framework; sourceTree = SDKROOT; };
		9831DC9C16B80BDA005CF59D /* CoreGraphics.framework */ = {isa = PBXFileReference; lastKnownFileType = wrapper.framework; name = CoreGraphics.framework; path = System/Library/Frameworks/CoreGraphics.framework; sourceTree = SDKROOT; };
		9831DCA016B80BDA005CF59D /* kankanVideo_v2-Info.plist */ = {isa = PBXFileReference; lastKnownFileType = text.plist.xml; path = "kankanVideo_v2-Info.plist"; sourceTree = "<group>"; };
		9831DCA216B80BDA005CF59D /* en */ = {isa = PBXFileReference; lastKnownFileType = text.plist.strings; name = en; path = en.lproj/InfoPlist.strings; sourceTree = "<group>"; };
		9831DCA416B80BDA005CF59D /* main.m */ = {isa = PBXFileReference; lastKnownFileType = sourcecode.c.objc; path = main.m; sourceTree = "<group>"; };
		9831DCA616B80BDA005CF59D /* kankanVideo_v2-Prefix.pch */ = {isa = PBXFileReference; lastKnownFileType = sourcecode.c.h; path = "kankanVideo_v2-Prefix.pch"; sourceTree = "<group>"; };
		9831DCA716B80BDA005CF59D /* KKAppDelegate.h */ = {isa = PBXFileReference; lastKnownFileType = sourcecode.c.h; path = KKAppDelegate.h; sourceTree = "<group>"; };
		9831DCA816B80BDA005CF59D /* KKAppDelegate.m */ = {isa = PBXFileReference; lastKnownFileType = sourcecode.c.objc; path = KKAppDelegate.m; sourceTree = "<group>"; };
		9831DCAA16B80BDA005CF59D /* Default.png */ = {isa = PBXFileReference; lastKnownFileType = image.png; path = Default.png; sourceTree = "<group>"; };
		9831DCAC16B80BDA005CF59D /* Default@2x.png */ = {isa = PBXFileReference; lastKnownFileType = image.png; path = "Default@2x.png"; sourceTree = "<group>"; };
		9831DCAE16B80BDA005CF59D /* Default-568h@2x.png */ = {isa = PBXFileReference; lastKnownFileType = image.png; path = "Default-568h@2x.png"; sourceTree = "<group>"; };
		9831DCB716B80F74005CF59D /* KKHomeViewController.h */ = {isa = PBXFileReference; fileEncoding = 4; lastKnownFileType = sourcecode.c.h; name = KKHomeViewController.h; path = ViewControllers/KKHomeViewController.h; sourceTree = "<group>"; };
		9831DCB816B80F74005CF59D /* KKHomeViewController.m */ = {isa = PBXFileReference; fileEncoding = 4; lastKnownFileType = sourcecode.c.objc; name = KKHomeViewController.m; path = ViewControllers/KKHomeViewController.m; sourceTree = "<group>"; };
		9831DCBA16B80FD1005CF59D /* KKSceneView.h */ = {isa = PBXFileReference; fileEncoding = 4; lastKnownFileType = sourcecode.c.h; name = KKSceneView.h; path = CustomViews/KKSceneView.h; sourceTree = "<group>"; };
		9831DCBB16B80FD1005CF59D /* KKSceneView.m */ = {isa = PBXFileReference; fileEncoding = 4; lastKnownFileType = sourcecode.c.objc; name = KKSceneView.m; path = CustomViews/KKSceneView.m; sourceTree = "<group>"; };
		9831DCC116B81C33005CF59D /* KKConfig.h */ = {isa = PBXFileReference; lastKnownFileType = sourcecode.c.h; path = KKConfig.h; sourceTree = "<group>"; };
		9831DCCB16B82B32005CF59D /* home_bj@2x.jpg */ = {isa = PBXFileReference; lastKnownFileType = image.jpeg; name = "home_bj@2x.jpg"; path = "images/home/home_bj@2x.jpg"; sourceTree = "<group>"; };
		9831DCCC16B82B32005CF59D /* home_bj-568h.jpg */ = {isa = PBXFileReference; lastKnownFileType = image.jpeg; name = "home_bj-568h.jpg"; path = "images/home/home_bj-568h.jpg"; sourceTree = "<group>"; };
		9831DCD116B82B40005CF59D /* home_bj.jpg */ = {isa = PBXFileReference; lastKnownFileType = image.jpeg; name = home_bj.jpg; path = images/home/home_bj.jpg; sourceTree = "<group>"; };
		9831DCD316B82C8D005CF59D /* kk_enter.png */ = {isa = PBXFileReference; lastKnownFileType = image.png; name = kk_enter.png; path = images/home/kk_enter.png; sourceTree = "<group>"; };
		9831DCD416B82C8D005CF59D /* kk_enter@2x.png */ = {isa = PBXFileReference; lastKnownFileType = image.png; name = "kk_enter@2x.png"; path = "images/home/kk_enter@2x.png"; sourceTree = "<group>"; };
		9831DCD516B82C8D005CF59D /* kk_logo.png */ = {isa = PBXFileReference; lastKnownFileType = image.png; name = kk_logo.png; path = images/home/kk_logo.png; sourceTree = "<group>"; };
		9831DCD616B82C8D005CF59D /* kk_logo@2x.png */ = {isa = PBXFileReference; lastKnownFileType = image.png; name = "kk_logo@2x.png"; path = "images/home/kk_logo@2x.png"; sourceTree = "<group>"; };
		9831DCDB16B83D22005CF59D /* KKHomeItemView.h */ = {isa = PBXFileReference; fileEncoding = 4; lastKnownFileType = sourcecode.c.h; name = KKHomeItemView.h; path = CustomViews/KKHomeItemView.h; sourceTree = "<group>"; };
		9831DCDC16B83D22005CF59D /* KKhomeItemView.m */ = {isa = PBXFileReference; fileEncoding = 4; lastKnownFileType = sourcecode.c.objc; name = KKhomeItemView.m; path = CustomViews/KKhomeItemView.m; sourceTree = "<group>"; };
		9831DCDE16B8C947005CF59D /* KKListViewController.h */ = {isa = PBXFileReference; fileEncoding = 4; lastKnownFileType = sourcecode.c.h; name = KKListViewController.h; path = ViewControllers/KKListViewController.h; sourceTree = "<group>"; };
		9831DCDF16B8C947005CF59D /* KKListViewController.m */ = {isa = PBXFileReference; fileEncoding = 4; lastKnownFileType = sourcecode.c.objc; name = KKListViewController.m; path = ViewControllers/KKListViewController.m; sourceTree = "<group>"; };
		9831DCE616B8FACF005CF59D /* Reachability.h */ = {isa = PBXFileReference; fileEncoding = 4; lastKnownFileType = sourcecode.c.h; name = Reachability.h; path = ThirdParty/Reachability.h; sourceTree = "<group>"; };
		9831DCE716B8FACF005CF59D /* Reachability.m */ = {isa = PBXFileReference; fileEncoding = 4; lastKnownFileType = sourcecode.c.objc; name = Reachability.m; path = ThirdParty/Reachability.m; sourceTree = "<group>"; };
		9831DCEA16B8FD21005CF59D /* KKFileDownloadManager.h */ = {isa = PBXFileReference; fileEncoding = 4; lastKnownFileType = sourcecode.c.h; name = KKFileDownloadManager.h; path = KKFramework/KKFileDownloadManager.h; sourceTree = "<group>"; };
		9831DCEB16B8FD21005CF59D /* KKFileDownloadManager.m */ = {isa = PBXFileReference; fileEncoding = 4; lastKnownFileType = sourcecode.c.objc; name = KKFileDownloadManager.m; path = KKFramework/KKFileDownloadManager.m; sourceTree = "<group>"; };
		9831DCEF16B90294005CF59D /* SystemConfiguration.framework */ = {isa = PBXFileReference; lastKnownFileType = wrapper.framework; name = SystemConfiguration.framework; path = System/Library/Frameworks/SystemConfiguration.framework; sourceTree = SDKROOT; };
		985071D716B956140096CCF4 /* KKFileManager.h */ = {isa = PBXFileReference; fileEncoding = 4; lastKnownFileType = sourcecode.c.h; name = KKFileManager.h; path = KKFramework/KKFileManager.h; sourceTree = "<group>"; };
		985071D816B956140096CCF4 /* KKFileManager.m */ = {isa = PBXFileReference; fileEncoding = 4; lastKnownFileType = sourcecode.c.objc; name = KKFileManager.m; path = KKFramework/KKFileManager.m; sourceTree = "<group>"; };
		985071DB16BA21AC0096CCF4 /* itemclose.png */ = {isa = PBXFileReference; lastKnownFileType = image.png; name = itemclose.png; path = images/home/itemclose.png; sourceTree = "<group>"; };
		985071DC16BA21AC0096CCF4 /* itemclose@2x.png */ = {isa = PBXFileReference; lastKnownFileType = image.png; name = "itemclose@2x.png"; path = "images/home/itemclose@2x.png"; sourceTree = "<group>"; };
		987D9B4116BC18160056AD21 /* KKConfiguration.h */ = {isa = PBXFileReference; fileEncoding = 4; lastKnownFileType = sourcecode.c.h; name = KKConfiguration.h; path = KKFramework/KKConfiguration.h; sourceTree = "<group>"; };
		987D9B4216BC18160056AD21 /* KKConfiguration.m */ = {isa = PBXFileReference; fileEncoding = 4; lastKnownFileType = sourcecode.c.objc; name = KKConfiguration.m; path = KKFramework/KKConfiguration.m; sourceTree = "<group>"; };
		987D9B4416BC30C70056AD21 /* KKXMLParser.h */ = {isa = PBXFileReference; fileEncoding = 4; lastKnownFileType = sourcecode.c.h; name = KKXMLParser.h; path = KKFramework/KKXMLParser.h; sourceTree = "<group>"; };
		987D9B4516BC30C70056AD21 /* KKXMLParser.m */ = {isa = PBXFileReference; fileEncoding = 4; lastKnownFileType = sourcecode.c.objc; name = KKXMLParser.m; path = KKFramework/KKXMLParser.m; sourceTree = "<group>"; };
		987D9B4716BC32D70056AD21 /* libxml2.dylib */ = {isa = PBXFileReference; lastKnownFileType = "compiled.mach-o.dylib"; name = libxml2.dylib; path = usr/lib/libxml2.dylib; sourceTree = SDKROOT; };
		987D9B4A16BC35E60056AD21 /* DDXML.h */ = {isa = PBXFileReference; fileEncoding = 4; lastKnownFileType = sourcecode.c.h; name = DDXML.h; path = ThirdParty/DDXML/DDXML.h; sourceTree = "<group>"; };
		987D9B4B16BC35E60056AD21 /* DDXMLDocument.h */ = {isa = PBXFileReference; fileEncoding = 4; lastKnownFileType = sourcecode.c.h; name = DDXMLDocument.h; path = ThirdParty/DDXML/DDXMLDocument.h; sourceTree = "<group>"; };
		987D9B4C16BC35E60056AD21 /* DDXMLDocument.m */ = {isa = PBXFileReference; fileEncoding = 4; lastKnownFileType = sourcecode.c.objc; name = DDXMLDocument.m; path = ThirdParty/DDXML/DDXMLDocument.m; sourceTree = "<group>"; };
		987D9B4D16BC35E60056AD21 /* DDXMLElement.h */ = {isa = PBXFileReference; fileEncoding = 4; lastKnownFileType = sourcecode.c.h; name = DDXMLElement.h; path = ThirdParty/DDXML/DDXMLElement.h; sourceTree = "<group>"; };
		987D9B4E16BC35E60056AD21 /* DDXMLElement.m */ = {isa = PBXFileReference; fileEncoding = 4; lastKnownFileType = sourcecode.c.objc; name = DDXMLElement.m; path = ThirdParty/DDXML/DDXMLElement.m; sourceTree = "<group>"; };
		987D9B4F16BC35E60056AD21 /* DDXMLNode.h */ = {isa = PBXFileReference; fileEncoding = 4; lastKnownFileType = sourcecode.c.h; name = DDXMLNode.h; path = ThirdParty/DDXML/DDXMLNode.h; sourceTree = "<group>"; };
		987D9B5016BC35E60056AD21 /* DDXMLNode.m */ = {isa = PBXFileReference; fileEncoding = 4; lastKnownFileType = sourcecode.c.objc; name = DDXMLNode.m; path = ThirdParty/DDXML/DDXMLNode.m; sourceTree = "<group>"; };
		987D9B5516BC36150056AD21 /* DDXMLPrivate.h */ = {isa = PBXFileReference; fileEncoding = 4; lastKnownFileType = sourcecode.c.h; name = DDXMLPrivate.h; path = ThirdParty/DDXML/Private/DDXMLPrivate.h; sourceTree = "<group>"; };
		987D9B5616BC363A0056AD21 /* NSString+DDXML.h */ = {isa = PBXFileReference; fileEncoding = 4; lastKnownFileType = sourcecode.c.h; name = "NSString+DDXML.h"; path = "ThirdParty/DDXML/NSString+DDXML.h"; sourceTree = "<group>"; };
		987D9B5716BC363A0056AD21 /* NSString+DDXML.m */ = {isa = PBXFileReference; fileEncoding = 4; lastKnownFileType = sourcecode.c.objc; name = "NSString+DDXML.m"; path = "ThirdParty/DDXML/NSString+DDXML.m"; sourceTree = "<group>"; };
		987D9B5916BCBF7B0056AD21 /* NSString+MD5.h */ = {isa = PBXFileReference; fileEncoding = 4; lastKnownFileType = sourcecode.c.h; name = "NSString+MD5.h"; path = "KKFramework/NSString+MD5.h"; sourceTree = "<group>"; };
		987D9B5A16BCBF7B0056AD21 /* NSString+MD5.m */ = {isa = PBXFileReference; fileEncoding = 4; lastKnownFileType = sourcecode.c.objc; name = "NSString+MD5.m"; path = "KKFramework/NSString+MD5.m"; sourceTree = "<group>"; };
		98AB48E116BD8DF800453B22 /* QuartzCore.framework */ = {isa = PBXFileReference; lastKnownFileType = wrapper.framework; name = QuartzCore.framework; path = System/Library/Frameworks/QuartzCore.framework; sourceTree = SDKROOT; };
		98AB48E316BE02BE00453B22 /* bigitemimage.jpg */ = {isa = PBXFileReference; lastKnownFileType = image.jpeg; name = bigitemimage.jpg; path = images/home/bigitemimage.jpg; sourceTree = "<group>"; };
		98AB48E516BEA14300453B22 /* home_button_refresh.png */ = {isa = PBXFileReference; lastKnownFileType = image.png; name = home_button_refresh.png; path = images/home/home_button_refresh.png; sourceTree = "<group>"; };
		98AB48E616BEA14300453B22 /* home_button_refresh@2x.png */ = {isa = PBXFileReference; lastKnownFileType = image.png; name = "home_button_refresh@2x.png"; path = "images/home/home_button_refresh@2x.png"; sourceTree = "<group>"; };
		98AB48E716BEA14300453B22 /* home_button_setting.png */ = {isa = PBXFileReference; lastKnownFileType = image.png; name = home_button_setting.png; path = images/home/home_button_setting.png; sourceTree = "<group>"; };
		98AB48E816BEA14300453B22 /* home_button_setting@2x.png */ = {isa = PBXFileReference; lastKnownFileType = image.png; name = "home_button_setting@2x.png"; path = "images/home/home_button_setting@2x.png"; sourceTree = "<group>"; };
		98AB48E916BEA14300453B22 /* home_button_subscribe.png */ = {isa = PBXFileReference; lastKnownFileType = image.png; name = home_button_subscribe.png; path = images/home/home_button_subscribe.png; sourceTree = "<group>"; };
		98AB48EA16BEA14300453B22 /* home_button_subscribe@2x.png */ = {isa = PBXFileReference; lastKnownFileType = image.png; name = "home_button_subscribe@2x.png"; path = "images/home/home_button_subscribe@2x.png"; sourceTree = "<group>"; };
		98AB48F216BEBF6C00453B22 /* icon.png */ = {isa = PBXFileReference; lastKnownFileType = image.png; name = icon.png; path = images/config/icon.png; sourceTree = "<group>"; };
		98AB48F316BEBF6C00453B22 /* launch.png */ = {isa = PBXFileReference; lastKnownFileType = image.png; name = launch.png; path = images/config/launch.png; sourceTree = "<group>"; };
/* End PBXFileReference section */

/* Begin PBXFrameworksBuildPhase section */
		9831DC9116B80BDA005CF59D /* Frameworks */ = {
			isa = PBXFrameworksBuildPhase;
			buildActionMask = 2147483647;
			files = (
				98AB48E216BD8DF800453B22 /* QuartzCore.framework in Frameworks */,
				987D9B4816BC32D70056AD21 /* libxml2.dylib in Frameworks */,
				9831DCF016B90294005CF59D /* SystemConfiguration.framework in Frameworks */,
				9831DC9916B80BDA005CF59D /* UIKit.framework in Frameworks */,
				9831DC9B16B80BDA005CF59D /* Foundation.framework in Frameworks */,
				9831DC9D16B80BDA005CF59D /* CoreGraphics.framework in Frameworks */,
			);
			runOnlyForDeploymentPostprocessing = 0;
		};
/* End PBXFrameworksBuildPhase section */

/* Begin PBXGroup section */
		9831DC8916B80BDA005CF59D = {
			isa = PBXGroup;
			children = (
				98AB48E116BD8DF800453B22 /* QuartzCore.framework */,
				9831DC9E16B80BDA005CF59D /* kankanVideo_v2 */,
				9831DC9716B80BDA005CF59D /* Frameworks */,
				9831DC9516B80BDA005CF59D /* Products */,
			);
			sourceTree = "<group>";
		};
		9831DC9516B80BDA005CF59D /* Products */ = {
			isa = PBXGroup;
			children = (
				9831DC9416B80BDA005CF59D /* kankanVideo_v2.app */,
			);
			name = Products;
			sourceTree = "<group>";
		};
		9831DC9716B80BDA005CF59D /* Frameworks */ = {
			isa = PBXGroup;
			children = (
				987D9B4716BC32D70056AD21 /* libxml2.dylib */,
				9831DCEF16B90294005CF59D /* SystemConfiguration.framework */,
				9831DC9816B80BDA005CF59D /* UIKit.framework */,
				9831DC9A16B80BDA005CF59D /* Foundation.framework */,
				9831DC9C16B80BDA005CF59D /* CoreGraphics.framework */,
			);
			name = Frameworks;
			sourceTree = "<group>";
		};
		9831DC9E16B80BDA005CF59D /* kankanVideo_v2 */ = {
			isa = PBXGroup;
			children = (
				9831DCE916B8FCEC005CF59D /* KKFramework */,
				9831DCE516B8FA97005CF59D /* ThirdParty */,
				9831DCC716B82947005CF59D /* images */,
				9831DCB616B80C2A005CF59D /* CustomViews */,
				9831DCB516B80C24005CF59D /* ViewControllers */,
				9831DCA716B80BDA005CF59D /* KKAppDelegate.h */,
				9831DCA816B80BDA005CF59D /* KKAppDelegate.m */,
				9831DC9F16B80BDA005CF59D /* Supporting Files */,
				9831DCC116B81C33005CF59D /* KKConfig.h */,
			);
			path = kankanVideo_v2;
			sourceTree = "<group>";
		};
		9831DC9F16B80BDA005CF59D /* Supporting Files */ = {
			isa = PBXGroup;
			children = (
				9831DCA016B80BDA005CF59D /* kankanVideo_v2-Info.plist */,
				9831DCA116B80BDA005CF59D /* InfoPlist.strings */,
				9831DCA416B80BDA005CF59D /* main.m */,
				9831DCA616B80BDA005CF59D /* kankanVideo_v2-Prefix.pch */,
				9831DCAA16B80BDA005CF59D /* Default.png */,
				9831DCAC16B80BDA005CF59D /* Default@2x.png */,
				9831DCAE16B80BDA005CF59D /* Default-568h@2x.png */,
			);
			name = "Supporting Files";
			sourceTree = "<group>";
		};
		9831DCB516B80C24005CF59D /* ViewControllers */ = {
			isa = PBXGroup;
			children = (
				9831DCB716B80F74005CF59D /* KKHomeViewController.h */,
				9831DCB816B80F74005CF59D /* KKHomeViewController.m */,
				9831DCDE16B8C947005CF59D /* KKListViewController.h */,
				9831DCDF16B8C947005CF59D /* KKListViewController.m */,
			);
			name = ViewControllers;
			sourceTree = "<group>";
		};
		9831DCB616B80C2A005CF59D /* CustomViews */ = {
			isa = PBXGroup;
			children = (
				9831DCBA16B80FD1005CF59D /* KKSceneView.h */,
				9831DCBB16B80FD1005CF59D /* KKSceneView.m */,
				9831DCDB16B83D22005CF59D /* KKHomeItemView.h */,
				9831DCDC16B83D22005CF59D /* KKhomeItemView.m */,
			);
			name = CustomViews;
			sourceTree = "<group>";
		};
		9831DCC716B82947005CF59D /* images */ = {
			isa = PBXGroup;
			children = (
				98AB48F116BEBE3400453B22 /* config */,
				9831DCC816B82950005CF59D /* home */,
			);
			name = images;
			sourceTree = "<group>";
		};
		9831DCC816B82950005CF59D /* home */ = {
			isa = PBXGroup;
			children = (
				98AB48E516BEA14300453B22 /* home_button_refresh.png */,
				98AB48E616BEA14300453B22 /* home_button_refresh@2x.png */,
				98AB48E716BEA14300453B22 /* home_button_setting.png */,
				98AB48E816BEA14300453B22 /* home_button_setting@2x.png */,
				98AB48E916BEA14300453B22 /* home_button_subscribe.png */,
				98AB48EA16BEA14300453B22 /* home_button_subscribe@2x.png */,
				98AB48E316BE02BE00453B22 /* bigitemimage.jpg */,
				985071DB16BA21AC0096CCF4 /* itemclose.png */,
				985071DC16BA21AC0096CCF4 /* itemclose@2x.png */,
				9831DCD316B82C8D005CF59D /* kk_enter.png */,
				9831DCD416B82C8D005CF59D /* kk_enter@2x.png */,
				9831DCD516B82C8D005CF59D /* kk_logo.png */,
				9831DCD616B82C8D005CF59D /* kk_logo@2x.png */,
				9831DCD116B82B40005CF59D /* home_bj.jpg */,
				9831DCCB16B82B32005CF59D /* home_bj@2x.jpg */,
				9831DCCC16B82B32005CF59D /* home_bj-568h.jpg */,
			);
			name = home;
			sourceTree = "<group>";
		};
		9831DCE516B8FA97005CF59D /* ThirdParty */ = {
			isa = PBXGroup;
			children = (
				987D9B4916BC35AB0056AD21 /* DDXML */,
				9831DCE616B8FACF005CF59D /* Reachability.h */,
				9831DCE716B8FACF005CF59D /* Reachability.m */,
			);
			name = ThirdParty;
			sourceTree = "<group>";
		};
		9831DCE916B8FCEC005CF59D /* KKFramework */ = {
			isa = PBXGroup;
			children = (
				9831DCEA16B8FD21005CF59D /* KKFileDownloadManager.h */,
				9831DCEB16B8FD21005CF59D /* KKFileDownloadManager.m */,
				985071D716B956140096CCF4 /* KKFileManager.h */,
				985071D816B956140096CCF4 /* KKFileManager.m */,
				987D9B4116BC18160056AD21 /* KKConfiguration.h */,
				987D9B4216BC18160056AD21 /* KKConfiguration.m */,
				987D9B4416BC30C70056AD21 /* KKXMLParser.h */,
				987D9B4516BC30C70056AD21 /* KKXMLParser.m */,
				987D9B5916BCBF7B0056AD21 /* NSString+MD5.h */,
				987D9B5A16BCBF7B0056AD21 /* NSString+MD5.m */,
			);
			name = KKFramework;
			sourceTree = "<group>";
		};
		987D9B4916BC35AB0056AD21 /* DDXML */ = {
			isa = PBXGroup;
			children = (
				987D9B5616BC363A0056AD21 /* NSString+DDXML.h */,
				987D9B5716BC363A0056AD21 /* NSString+DDXML.m */,
				987D9B5416BC360B0056AD21 /* private */,
				987D9B4A16BC35E60056AD21 /* DDXML.h */,
				987D9B4B16BC35E60056AD21 /* DDXMLDocument.h */,
				987D9B4C16BC35E60056AD21 /* DDXMLDocument.m */,
				987D9B4D16BC35E60056AD21 /* DDXMLElement.h */,
				987D9B4E16BC35E60056AD21 /* DDXMLElement.m */,
				987D9B4F16BC35E60056AD21 /* DDXMLNode.h */,
				987D9B5016BC35E60056AD21 /* DDXMLNode.m */,
			);
			name = DDXML;
			sourceTree = "<group>";
		};
		987D9B5416BC360B0056AD21 /* private */ = {
			isa = PBXGroup;
			children = (
				987D9B5516BC36150056AD21 /* DDXMLPrivate.h */,
			);
			name = private;
			sourceTree = "<group>";
		};
		98AB48F116BEBE3400453B22 /* config */ = {
			isa = PBXGroup;
			children = (
				98AB48F216BEBF6C00453B22 /* icon.png */,
				98AB48F316BEBF6C00453B22 /* launch.png */,
			);
			name = config;
			sourceTree = "<group>";
		};
/* End PBXGroup section */

/* Begin PBXNativeTarget section */
		9831DC9316B80BDA005CF59D /* kankanVideo_v2 */ = {
			isa = PBXNativeTarget;
			buildConfigurationList = 9831DCB216B80BDA005CF59D /* Build configuration list for PBXNativeTarget "kankanVideo_v2" */;
			buildPhases = (
				9831DC9016B80BDA005CF59D /* Sources */,
				9831DC9116B80BDA005CF59D /* Frameworks */,
				9831DC9216B80BDA005CF59D /* Resources */,
			);
			buildRules = (
			);
			dependencies = (
			);
			name = kankanVideo_v2;
			productName = kankanVideo_v2;
			productReference = 9831DC9416B80BDA005CF59D /* kankanVideo_v2.app */;
			productType = "com.apple.product-type.application";
		};
/* End PBXNativeTarget section */

/* Begin PBXProject section */
		9831DC8B16B80BDA005CF59D /* Project object */ = {
			isa = PBXProject;
			attributes = {
				CLASSPREFIX = KK;
				LastUpgradeCheck = 0450;
				ORGANIZATIONNAME = wangbo;
			};
			buildConfigurationList = 9831DC8E16B80BDA005CF59D /* Build configuration list for PBXProject "kankanVideo_v2" */;
			compatibilityVersion = "Xcode 3.2";
			developmentRegion = English;
			hasScannedForEncodings = 0;
			knownRegions = (
				en,
			);
			mainGroup = 9831DC8916B80BDA005CF59D;
			productRefGroup = 9831DC9516B80BDA005CF59D /* Products */;
			projectDirPath = "";
			projectRoot = "";
			targets = (
				9831DC9316B80BDA005CF59D /* kankanVideo_v2 */,
			);
		};
/* End PBXProject section */

/* Begin PBXResourcesBuildPhase section */
		9831DC9216B80BDA005CF59D /* Resources */ = {
			isa = PBXResourcesBuildPhase;
			buildActionMask = 2147483647;
			files = (
				9831DCA316B80BDA005CF59D /* InfoPlist.strings in Resources */,
				9831DCAB16B80BDA005CF59D /* Default.png in Resources */,
				9831DCAD16B80BDA005CF59D /* Default@2x.png in Resources */,
				9831DCAF16B80BDA005CF59D /* Default-568h@2x.png in Resources */,
				9831DCCE16B82B33005CF59D /* home_bj@2x.jpg in Resources */,
				9831DCCF16B82B33005CF59D /* home_bj-568h.jpg in Resources */,
				9831DCD216B82B40005CF59D /* home_bj.jpg in Resources */,
				9831DCD716B82C8D005CF59D /* kk_enter.png in Resources */,
				9831DCD816B82C8D005CF59D /* kk_enter@2x.png in Resources */,
				9831DCD916B82C8D005CF59D /* kk_logo.png in Resources */,
				9831DCDA16B82C8D005CF59D /* kk_logo@2x.png in Resources */,
				985071DD16BA21AC0096CCF4 /* itemclose.png in Resources */,
				985071DE16BA21AC0096CCF4 /* itemclose@2x.png in Resources */,
				98AB48E416BE02BE00453B22 /* bigitemimage.jpg in Resources */,
				98AB48EB16BEA14300453B22 /* home_button_refresh.png in Resources */,
				98AB48EC16BEA14300453B22 /* home_button_refresh@2x.png in Resources */,
				98AB48ED16BEA14300453B22 /* home_button_setting.png in Resources */,
				98AB48EE16BEA14300453B22 /* home_button_setting@2x.png in Resources */,
				98AB48EF16BEA14300453B22 /* home_button_subscribe.png in Resources */,
				98AB48F016BEA14300453B22 /* home_button_subscribe@2x.png in Resources */,
				98AB48F416BEBF6C00453B22 /* icon.png in Resources */,
				98AB48F516BEBF6C00453B22 /* launch.png in Resources */,
			);
			runOnlyForDeploymentPostprocessing = 0;
		};
/* End PBXResourcesBuildPhase section */

/* Begin PBXSourcesBuildPhase section */
		9831DC9016B80BDA005CF59D /* Sources */ = {
			isa = PBXSourcesBuildPhase;
			buildActionMask = 2147483647;
			files = (
				9831DCA516B80BDA005CF59D /* main.m in Sources */,
				9831DCA916B80BDA005CF59D /* KKAppDelegate.m in Sources */,
				9831DCB916B80F74005CF59D /* KKHomeViewController.m in Sources */,
				9831DCBC16B80FD1005CF59D /* KKSceneView.m in Sources */,
				9831DCDD16B83D22005CF59D /* KKhomeItemView.m in Sources */,
				9831DCE016B8C948005CF59D /* KKListViewController.m in Sources */,
				9831DCE816B8FACF005CF59D /* Reachability.m in Sources */,
				9831DCEC16B8FD21005CF59D /* KKFileDownloadManager.m in Sources */,
				985071D916B956140096CCF4 /* KKFileManager.m in Sources */,
				987D9B4316BC18160056AD21 /* KKConfiguration.m in Sources */,
				987D9B4616BC30C70056AD21 /* KKXMLParser.m in Sources */,
				987D9B5116BC35E60056AD21 /* DDXMLDocument.m in Sources */,
				987D9B5216BC35E60056AD21 /* DDXMLElement.m in Sources */,
				987D9B5316BC35E60056AD21 /* DDXMLNode.m in Sources */,
				987D9B5816BC363A0056AD21 /* NSString+DDXML.m in Sources */,
				987D9B5B16BCBF7C0056AD21 /* NSString+MD5.m in Sources */,
			);
			runOnlyForDeploymentPostprocessing = 0;
		};
/* End PBXSourcesBuildPhase section */

/* Begin PBXVariantGroup section */
		9831DCA116B80BDA005CF59D /* InfoPlist.strings */ = {
			isa = PBXVariantGroup;
			children = (
				9831DCA216B80BDA005CF59D /* en */,
			);
			name = InfoPlist.strings;
			sourceTree = "<group>";
		};
/* End PBXVariantGroup section */

/* Begin XCBuildConfiguration section */
		9831DCB016B80BDA005CF59D /* Debug */ = {
			isa = XCBuildConfiguration;
			buildSettings = {
				ALWAYS_SEARCH_USER_PATHS = NO;
				CLANG_CXX_LANGUAGE_STANDARD = "gnu++0x";
				CLANG_CXX_LIBRARY = "libc++";
				CLANG_WARN_EMPTY_BODY = YES;
				CLANG_WARN__DUPLICATE_METHOD_MATCH = YES;
				"CODE_SIGN_IDENTITY[sdk=iphoneos*]" = "iPhone Developer";
				COPY_PHASE_STRIP = NO;
				GCC_C_LANGUAGE_STANDARD = gnu99;
				GCC_DYNAMIC_NO_PIC = NO;
				GCC_OPTIMIZATION_LEVEL = 0;
				GCC_PREPROCESSOR_DEFINITIONS = (
					"DEBUG=1",
					"$(inherited)",
				);
				GCC_SYMBOLS_PRIVATE_EXTERN = NO;
				GCC_WARN_ABOUT_RETURN_TYPE = YES;
				GCC_WARN_UNINITIALIZED_AUTOS = YES;
				GCC_WARN_UNUSED_VARIABLE = YES;
				IPHONEOS_DEPLOYMENT_TARGET = 6.0;
				ONLY_ACTIVE_ARCH = YES;
				SDKROOT = iphoneos;
			};
			name = Debug;
		};
		9831DCB116B80BDA005CF59D /* Release */ = {
			isa = XCBuildConfiguration;
			buildSettings = {
				ALWAYS_SEARCH_USER_PATHS = NO;
				CLANG_CXX_LANGUAGE_STANDARD = "gnu++0x";
				CLANG_CXX_LIBRARY = "libc++";
				CLANG_WARN_EMPTY_BODY = YES;
				CLANG_WARN__DUPLICATE_METHOD_MATCH = YES;
				"CODE_SIGN_IDENTITY[sdk=iphoneos*]" = "iPhone Developer";
				COPY_PHASE_STRIP = YES;
				GCC_C_LANGUAGE_STANDARD = gnu99;
				GCC_WARN_ABOUT_RETURN_TYPE = YES;
				GCC_WARN_UNINITIALIZED_AUTOS = YES;
				GCC_WARN_UNUSED_VARIABLE = YES;
				IPHONEOS_DEPLOYMENT_TARGET = 6.0;
				OTHER_CFLAGS = "-DNS_BLOCK_ASSERTIONS=1";
				SDKROOT = iphoneos;
				VALIDATE_PRODUCT = YES;
			};
			name = Release;
		};
		9831DCB316B80BDA005CF59D /* Debug */ = {
			isa = XCBuildConfiguration;
			buildSettings = {
				GCC_PRECOMPILE_PREFIX_HEADER = YES;
				GCC_PREFIX_HEADER = "kankanVideo_v2/kankanVideo_v2-Prefix.pch";
				HEADER_SEARCH_PATHS = "/usr/include/libxml2/**";
				INFOPLIST_FILE = "kankanVideo_v2/kankanVideo_v2-Info.plist";
				IPHONEOS_DEPLOYMENT_TARGET = 4.3;
				OTHER_LDFLAGS = "-lxml2";
				PRODUCT_NAME = "$(TARGET_NAME)";
				WRAPPER_EXTENSION = app;
			};
			name = Debug;
		};
		9831DCB416B80BDA005CF59D /* Release */ = {
			isa = XCBuildConfiguration;
			buildSettings = {
				GCC_PRECOMPILE_PREFIX_HEADER = YES;
				GCC_PREFIX_HEADER = "kankanVideo_v2/kankanVideo_v2-Prefix.pch";
				HEADER_SEARCH_PATHS = "/usr/include/libxml2/**";
				INFOPLIST_FILE = "kankanVideo_v2/kankanVideo_v2-Info.plist";
				IPHONEOS_DEPLOYMENT_TARGET = 4.3;
				OTHER_LDFLAGS = "-lxml2";
				PRODUCT_NAME = "$(TARGET_NAME)";
				WRAPPER_EXTENSION = app;
			};
			name = Release;
		};
/* End XCBuildConfiguration section */

/* Begin XCConfigurationList section */
		9831DC8E16B80BDA005CF59D /* Build configuration list for PBXProject "kankanVideo_v2" */ = {
			isa = XCConfigurationList;
			buildConfigurations = (
				9831DCB016B80BDA005CF59D /* Debug */,
				9831DCB116B80BDA005CF59D /* Release */,
			);
			defaultConfigurationIsVisible = 0;
			defaultConfigurationName = Release;
		};
		9831DCB216B80BDA005CF59D /* Build configuration list for PBXNativeTarget "kankanVideo_v2" */ = {
			isa = XCConfigurationList;
			buildConfigurations = (
				9831DCB316B80BDA005CF59D /* Debug */,
				9831DCB416B80BDA005CF59D /* Release */,
			);
			defaultConfigurationIsVisible = 0;
			defaultConfigurationName = Release;
		};
/* End XCConfigurationList section */
	};
	rootObject = 9831DC8B16B80BDA005CF59D /* Project object */;
}
